
Microsoft Visual Studio Solution File, Format Version 12.00
# Visual Studio Version 16
VisualStudioVersion = 16.0.34301.259
MinimumVisualStudioVersion = 10.0.40219.1
Project("{FAE04EC0-301F-11D3-BF4B-00C04F79EFBC}") = "offerBook", "offerBook.csproj", "{45DC440E-60EF-4F79-93F0-817F8D32D921}"
EndProject
Global
	GlobalSection(SolutionConfigurationPlatforms) = preSolution
		Debug|Any CPU = Debug|Any CPU
		Release|Any CPU = Release|Any CPU
	EndGlobalSection
	GlobalSection(ProjectConfigurationPlatforms) = postSolution
		{45DC440E-60EF-4F79-93F0-817F8D32D921}.Debug|Any CPU.ActiveCfg = Debug|Any CPU
		{45DC440E-60EF-4F79-93F0-817F8D32D921}.Debug|Any CPU.Build.0 = Debug|Any CPU
		{45DC440E-60EF-4F79-93F0-817F8D32D921}.Release|Any CPU.ActiveCfg = Release|Any CPU
		{45DC440E-60EF-4F79-93F0-817F8D32D921}.Release|Any CPU.Build.0 = Release|Any CPU
	EndGlobalSection
	GlobalSection(SolutionProperties) = preSolution
		HideSolutionNode = FALSE
	EndGlobalSection
	GlobalSection(ExtensibilityGlobals) = postSolution
		SolutionGuid = {D6947379-FEF0-4AA8-B47E-3865B18344C3}
	EndGlobalSection
EndGlobal
